{
  "name": "gooddata-staging",
  "lockfileVersion": 3,
  "requires": true,
  "packages": {
    "": {
      "dependencies": {
        "@gooddata/code-cli": "^0.9.0"
      }
    },
    "node_modules/@gooddata/code-cli": {
      "version": "0.9.0",
      "resolved": "https://registry.npmjs.org/@gooddata/code-cli/-/code-cli-0.9.0.tgz",
      "integrity": "sha512-A3dJCfiU/+70RPDzNttV1eVxe2pEpmYrU6juGzUin+/nMFAS1TR/Ef0pKwYvebUJu6iN5IzQZ/cOjhN2KglEiw==",
      "license": "SEE LICENSE IN LICENSE",
      "bin": {
        "gd": "bin/gd"
      },
      "engines": {
        "node": ">=16.14.0"
      }
    }
  }
}
